
Microsoft Visual Studio Solution File, Format Version 12.00
# Visual Studio 15
VisualStudioVersion = 15.0.26228.4
MinimumVisualStudioVersion = 10.0.40219.1
Project("{FAE04EC0-301F-11D3-BF4B-00C04F79EFBC}") = "SystemService", "SystemService\SystemService.csproj", "{3E5458C2-1446-438B-AC20-E106C31BC3F4}"
EndProject
Project("{FAE04EC0-301F-11D3-BF4B-00C04F79EFBC}") = "SystemForms", "SystemForms\SystemForms.csproj", "{C1C38FBD-6FC4-4F70-A47A-76B76031BFE7}"
EndProject
Project("{2150E333-8FDC-42A3-9474-1A3956D46DE8}") = "系统服务", "系统服务", "{9AC6E4E5-3204-418A-A483-61E191D97A10}"
EndProject
Project("{2150E333-8FDC-42A3-9474-1A3956D46DE8}") = "系统管理", "系统管理", "{C4C26450-0584-43A9-B7C1-52B863BDA99C}"
EndProject
Project("{2150E333-8FDC-42A3-9474-1A3956D46DE8}") = "系统测试", "系统测试", "{DEBBC01A-C115-44FF-BD3A-23B40573110C}"
EndProject
Project("{FAE04EC0-301F-11D3-BF4B-00C04F79EFBC}") = "SystemConsole", "SystemConsole\SystemConsole.csproj", "{4003BFA4-EAA5-4AB1-8ABD-0EB7F7A74756}"
EndProject
Project("{FAE04EC0-301F-11D3-BF4B-00C04F79EFBC}") = "SystemUnit", "SystemUnit\SystemUnit.csproj", "{5C1BDC1E-FBA2-453F-8021-52BF4BB595DB}"
EndProject
Project("{2150E333-8FDC-42A3-9474-1A3956D46DE8}") = "3 核心业务", "3 核心业务", "{D6DE0E95-B786-4823-9508-8444DDCBD418}"
EndProject
Project("{2150E333-8FDC-42A3-9474-1A3956D46DE8}") = "2 通用类库", "2 通用类库", "{5274498D-3832-4337-B20A-C324C2F5B2C4}"
EndProject
Project("{2150E333-8FDC-42A3-9474-1A3956D46DE8}") = "1 应用层", "1 应用层", "{1D0E1EB2-82E3-43D0-9D3D-CE7EE6A6E115}"
EndProject
Project("{2150E333-8FDC-42A3-9474-1A3956D46DE8}") = "4 实体领域", "4 实体领域", "{CEEB9C40-1D41-4EA1-BFE0-F647E4E11FBE}"
EndProject
Project("{FAE04EC0-301F-11D3-BF4B-00C04F79EFBC}") = "System.Model", "System.Model\System.Model.csproj", "{0A6E82FD-896F-4C19-8261-084F9AD8102F}"
EndProject
Project("{FAE04EC0-301F-11D3-BF4B-00C04F79EFBC}") = "System.Domain", "System.Domain\System.Domain.csproj", "{1031B6D5-5ED9-46BC-B349-A16AFDDACD41}"
EndProject
Project("{FAE04EC0-301F-11D3-BF4B-00C04F79EFBC}") = "System.Model.Domain", "System.Model.Domain\System.Model.Domain.csproj", "{F4655395-2581-4A37-A07E-EA3A616F5DFF}"
EndProject
Project("{FAE04EC0-301F-11D3-BF4B-00C04F79EFBC}") = "System.Common", "System.Common\System.Common.csproj", "{4C2AF863-041C-4BDB-B549-CB8A1231FC82}"
EndProject
Project("{FAE04EC0-301F-11D3-BF4B-00C04F79EFBC}") = "System.Application", "System.Application\System.Application.csproj", "{A16D7A07-F224-40D0-9CA7-2691CBA372F6}"
EndProject
Global
	GlobalSection(SolutionConfigurationPlatforms) = preSolution
		Debug|Any CPU = Debug|Any CPU
		Release|Any CPU = Release|Any CPU
	EndGlobalSection
	GlobalSection(ProjectConfigurationPlatforms) = postSolution
		{3E5458C2-1446-438B-AC20-E106C31BC3F4}.Debug|Any CPU.ActiveCfg = Debug|Any CPU
		{3E5458C2-1446-438B-AC20-E106C31BC3F4}.Debug|Any CPU.Build.0 = Debug|Any CPU
		{3E5458C2-1446-438B-AC20-E106C31BC3F4}.Release|Any CPU.ActiveCfg = Release|Any CPU
		{3E5458C2-1446-438B-AC20-E106C31BC3F4}.Release|Any CPU.Build.0 = Release|Any CPU
		{C1C38FBD-6FC4-4F70-A47A-76B76031BFE7}.Debug|Any CPU.ActiveCfg = Debug|Any CPU
		{C1C38FBD-6FC4-4F70-A47A-76B76031BFE7}.Debug|Any CPU.Build.0 = Debug|Any CPU
		{C1C38FBD-6FC4-4F70-A47A-76B76031BFE7}.Release|Any CPU.ActiveCfg = Release|Any CPU
		{C1C38FBD-6FC4-4F70-A47A-76B76031BFE7}.Release|Any CPU.Build.0 = Release|Any CPU
		{4003BFA4-EAA5-4AB1-8ABD-0EB7F7A74756}.Debug|Any CPU.ActiveCfg = Debug|Any CPU
		{4003BFA4-EAA5-4AB1-8ABD-0EB7F7A74756}.Debug|Any CPU.Build.0 = Debug|Any CPU
		{4003BFA4-EAA5-4AB1-8ABD-0EB7F7A74756}.Release|Any CPU.ActiveCfg = Release|Any CPU
		{4003BFA4-EAA5-4AB1-8ABD-0EB7F7A74756}.Release|Any CPU.Build.0 = Release|Any CPU
		{5C1BDC1E-FBA2-453F-8021-52BF4BB595DB}.Debug|Any CPU.ActiveCfg = Debug|Any CPU
		{5C1BDC1E-FBA2-453F-8021-52BF4BB595DB}.Debug|Any CPU.Build.0 = Debug|Any CPU
		{5C1BDC1E-FBA2-453F-8021-52BF4BB595DB}.Release|Any CPU.ActiveCfg = Release|Any CPU
		{5C1BDC1E-FBA2-453F-8021-52BF4BB595DB}.Release|Any CPU.Build.0 = Release|Any CPU
		{0A6E82FD-896F-4C19-8261-084F9AD8102F}.Debug|Any CPU.ActiveCfg = Debug|Any CPU
		{0A6E82FD-896F-4C19-8261-084F9AD8102F}.Debug|Any CPU.Build.0 = Debug|Any CPU
		{0A6E82FD-896F-4C19-8261-084F9AD8102F}.Release|Any CPU.ActiveCfg = Release|Any CPU
		{0A6E82FD-896F-4C19-8261-084F9AD8102F}.Release|Any CPU.Build.0 = Release|Any CPU
		{1031B6D5-5ED9-46BC-B349-A16AFDDACD41}.Debug|Any CPU.ActiveCfg = Debug|Any CPU
		{1031B6D5-5ED9-46BC-B349-A16AFDDACD41}.Debug|Any CPU.Build.0 = Debug|Any CPU
		{1031B6D5-5ED9-46BC-B349-A16AFDDACD41}.Release|Any CPU.ActiveCfg = Release|Any CPU
		{1031B6D5-5ED9-46BC-B349-A16AFDDACD41}.Release|Any CPU.Build.0 = Release|Any CPU
		{F4655395-2581-4A37-A07E-EA3A616F5DFF}.Debug|Any CPU.ActiveCfg = Debug|Any CPU
		{F4655395-2581-4A37-A07E-EA3A616F5DFF}.Debug|Any CPU.Build.0 = Debug|Any CPU
		{F4655395-2581-4A37-A07E-EA3A616F5DFF}.Release|Any CPU.ActiveCfg = Release|Any CPU
		{F4655395-2581-4A37-A07E-EA3A616F5DFF}.Release|Any CPU.Build.0 = Release|Any CPU
		{4C2AF863-041C-4BDB-B549-CB8A1231FC82}.Debug|Any CPU.ActiveCfg = Debug|Any CPU
		{4C2AF863-041C-4BDB-B549-CB8A1231FC82}.Debug|Any CPU.Build.0 = Debug|Any CPU
		{4C2AF863-041C-4BDB-B549-CB8A1231FC82}.Release|Any CPU.ActiveCfg = Release|Any CPU
		{4C2AF863-041C-4BDB-B549-CB8A1231FC82}.Release|Any CPU.Build.0 = Release|Any CPU
		{A16D7A07-F224-40D0-9CA7-2691CBA372F6}.Debug|Any CPU.ActiveCfg = Debug|Any CPU
		{A16D7A07-F224-40D0-9CA7-2691CBA372F6}.Debug|Any CPU.Build.0 = Debug|Any CPU
		{A16D7A07-F224-40D0-9CA7-2691CBA372F6}.Release|Any CPU.ActiveCfg = Release|Any CPU
		{A16D7A07-F224-40D0-9CA7-2691CBA372F6}.Release|Any CPU.Build.0 = Release|Any CPU
	EndGlobalSection
	GlobalSection(SolutionProperties) = preSolution
		HideSolutionNode = FALSE
	EndGlobalSection
	GlobalSection(NestedProjects) = preSolution
		{3E5458C2-1446-438B-AC20-E106C31BC3F4} = {9AC6E4E5-3204-418A-A483-61E191D97A10}
		{C1C38FBD-6FC4-4F70-A47A-76B76031BFE7} = {C4C26450-0584-43A9-B7C1-52B863BDA99C}
		{4003BFA4-EAA5-4AB1-8ABD-0EB7F7A74756} = {DEBBC01A-C115-44FF-BD3A-23B40573110C}
		{5C1BDC1E-FBA2-453F-8021-52BF4BB595DB} = {DEBBC01A-C115-44FF-BD3A-23B40573110C}
		{0A6E82FD-896F-4C19-8261-084F9AD8102F} = {CEEB9C40-1D41-4EA1-BFE0-F647E4E11FBE}
		{1031B6D5-5ED9-46BC-B349-A16AFDDACD41} = {D6DE0E95-B786-4823-9508-8444DDCBD418}
		{F4655395-2581-4A37-A07E-EA3A616F5DFF} = {CEEB9C40-1D41-4EA1-BFE0-F647E4E11FBE}
		{4C2AF863-041C-4BDB-B549-CB8A1231FC82} = {5274498D-3832-4337-B20A-C324C2F5B2C4}
		{A16D7A07-F224-40D0-9CA7-2691CBA372F6} = {1D0E1EB2-82E3-43D0-9D3D-CE7EE6A6E115}
	EndGlobalSection
EndGlobal
